// !$*UTF8*$!
{
	archiveVersion = 1;
	classes = {
	};
	objectVersion = 46;
	objects = {

/* Begin PBXBuildFile section */
		F3D2CEB919651A6B002819F4 /* AppDelegate.swift in Sources */ = {isa = PBXBuildFile; fileRef = F3D2CEB819651A6B002819F4 /* AppDelegate.swift */; };
		F3D2CEBB19651A6B002819F4 /* ViewController.swift in Sources */ = {isa = PBXBuildFile; fileRef = F3D2CEBA19651A6B002819F4 /* ViewController.swift */; };
		F3D2CEBE19651A6B002819F4 /* Main.storyboard in Resources */ = {isa = PBXBuildFile; fileRef = F3D2CEBC19651A6B002819F4 /* Main.storyboard */; };
		F3D2CEC019651A6B002819F4 /* Images.xcassets in Resources */ = {isa = PBXBuildFile; fileRef = F3D2CEBF19651A6B002819F4 /* Images.xcassets */; };
		F3D2CECC19651A6B002819F4 /* iBeaconDemoTests.swift in Sources */ = {isa = PBXBuildFile; fileRef = F3D2CECB19651A6B002819F4 /* iBeaconDemoTests.swift */; };
		F3D2CED619651C4B002819F4 /* CoreLocation.framework in Frameworks */ = {isa = PBXBuildFile; fileRef = F3D2CED519651C4A002819F4 /* CoreLocation.framework */; };
		F3D2CED819651C57002819F4 /* Foundation.framework in Frameworks */ = {isa = PBXBuildFile; fileRef = F3D2CED719651C57002819F4 /* Foundation.framework */; };
/* End PBXBuildFile section */

/* Begin PBXContainerItemProxy section */
		F3D2CEC619651A6B002819F4 /* PBXContainerItemProxy */ = {
			isa = PBXContainerItemProxy;
			containerPortal = F3D2CEAB19651A6B002819F4 /* Project object */;
			proxyType = 1;
			remoteGlobalIDString = F3D2CEB219651A6B002819F4;
			remoteInfo = iBeaconDemo;
		};
/* End PBXContainerItemProxy section */

/* Begin PBXFileReference section */
		F3D2CEB319651A6B002819F4 /* iBeaconDemo.app */ = {isa = PBXFileReference; explicitFileType = wrapper.application; includeInIndex = 0; path = iBeaconDemo.app; sourceTree = BUILT_PRODUCTS_DIR; };
		F3D2CEB719651A6B002819F4 /* Info.plist */ = {isa = PBXFileReference; lastKnownFileType = text.plist.xml; path = Info.plist; sourceTree = "<group>"; };
		F3D2CEB819651A6B002819F4 /* AppDelegate.swift */ = {isa = PBXFileReference; lastKnownFileType = sourcecode.swift; path = AppDelegate.swift; sourceTree = "<group>"; };
		F3D2CEBA19651A6B002819F4 /* ViewController.swift */ = {isa = PBXFileReference; lastKnownFileType = sourcecode.swift; path = ViewController.swift; sourceTree = "<group>"; };
		F3D2CEBD19651A6B002819F4 /* Base */ = {isa = PBXFileReference; lastKnownFileType = file.storyboard; name = Base; path = Base.lproj/Main.storyboard; sourceTree = "<group>"; };
		F3D2CEBF19651A6B002819F4 /* Images.xcassets */ = {isa = PBXFileReference; lastKnownFileType = folder.assetcatalog; path = Images.xcassets; sourceTree = "<group>"; };
		F3D2CEC519651A6B002819F4 /* iBeaconDemoTests.xctest */ = {isa = PBXFileReference; explicitFileType = wrapper.cfbundle; includeInIndex = 0; path = iBeaconDemoTests.xctest; sourceTree = BUILT_PRODUCTS_DIR; };
		F3D2CECA19651A6B002819F4 /* Info.plist */ = {isa = PBXFileReference; lastKnownFileType = text.plist.xml; path = Info.plist; sourceTree = "<group>"; };
		F3D2CECB19651A6B002819F4 /* iBeaconDemoTests.swift */ = {isa = PBXFileReference; lastKnownFileType = sourcecode.swift; path = iBeaconDemoTests.swift; sourceTree = "<group>"; };
		F3D2CED519651C4A002819F4 /* CoreLocation.framework */ = {isa = PBXFileReference; lastKnownFileType = wrapper.framework; name = CoreLocation.framework; path = System/Library/Frameworks/CoreLocation.framework; sourceTree = SDKROOT; };
		F3D2CED719651C57002819F4 /* Foundation.framework */ = {isa = PBXFileReference; lastKnownFileType = wrapper.framework; name = Foundation.framework; path = System/Library/Frameworks/Foundation.framework; sourceTree = SDKROOT; };
/* End PBXFileReference section */

/* Begin PBXFrameworksBuildPhase section */
		F3D2CEB019651A6B002819F4 /* Frameworks */ = {
			isa = PBXFrameworksBuildPhase;
			buildActionMask = 2147483647;
			files = (
				F3D2CED819651C57002819F4 /* Foundation.framework in Frameworks */,
				F3D2CED619651C4B002819F4 /* CoreLocation.framework in Frameworks */,
			);
			runOnlyForDeploymentPostprocessing = 0;
		};
		F3D2CEC219651A6B002819F4 /* Frameworks */ = {
			isa = PBXFrameworksBuildPhase;
			buildActionMask = 2147483647;
			files = (
			);
			runOnlyForDeploymentPostprocessing = 0;
		};
/* End PBXFrameworksBuildPhase section */

/* Begin PBXGroup section */
		F3D2CEAA19651A6B002819F4 = {
			isa = PBXGroup;
			children = (
				F3D2CED719651C57002819F4 /* Foundation.framework */,
				F3D2CED519651C4A002819F4 /* CoreLocation.framework */,
				F3D2CEB519651A6B002819F4 /* iBeaconDemo */,
				F3D2CEC819651A6B002819F4 /* iBeaconDemoTests */,
				F3D2CEB419651A6B002819F4 /* Products */,
			);
			sourceTree = "<group>";
		};
		F3D2CEB419651A6B002819F4 /* Products */ = {
			isa = PBXGroup;
			children = (
				F3D2CEB319651A6B002819F4 /* iBeaconDemo.app */,
				F3D2CEC519651A6B002819F4 /* iBeaconDemoTests.xctest */,
			);
			name = Products;
			sourceTree = "<group>";
		};
		F3D2CEB519651A6B002819F4 /* iBeaconDemo */ = {
			isa = PBXGroup;
			children = (
				F3D2CEB819651A6B002819F4 /* AppDelegate.swift */,
				F3D2CEBA19651A6B002819F4 /* ViewController.swift */,
				F3D2CEBC19651A6B002819F4 /* Main.storyboard */,
				F3D2CEBF19651A6B002819F4 /* Images.xcassets */,
				F3D2CEB619651A6B002819F4 /* Supporting Files */,
			);
			path = iBeaconDemo;
			sourceTree = "<group>";
		};
		F3D2CEB619651A6B002819F4 /* Supporting Files */ = {
			isa = PBXGroup;
			children = (
				F3D2CEB719651A6B002819F4 /* Info.plist */,
			);
			name = "Supporting Files";
			sourceTree = "<group>";
		};
		F3D2CEC819651A6B002819F4 /* iBeaconDemoTests */ = {
			isa = PBXGroup;
			children = (
				F3D2CECB19651A6B002819F4 /* iBeaconDemoTests.swift */,
				F3D2CEC919651A6B002819F4 /* Supporting Files */,
			);
			path = iBeaconDemoTests;
			sourceTree = "<group>";
		};
		F3D2CEC919651A6B002819F4 /* Supporting Files */ = {
			isa = PBXGroup;
			children = (
				F3D2CECA19651A6B002819F4 /* Info.plist */,
			);
			name = "Supporting Files";
			sourceTree = "<group>";
		};
/* End PBXGroup section */

/* Begin PBXNativeTarget section */
		F3D2CEB219651A6B002819F4 /* iBeaconDemo */ = {
			isa = PBXNativeTarget;
			buildConfigurationList = F3D2CECF19651A6B002819F4 /* Build configuration list for PBXNativeTarget "iBeaconDemo" */;
			buildPhases = (
				F3D2CEAF19651A6B002819F4 /* Sources */,
				F3D2CEB019651A6B002819F4 /* Frameworks */,
				F3D2CEB119651A6B002819F4 /* Resources */,
			);
			buildRules = (
			);
			dependencies = (
			);
			name = iBeaconDemo;
			productName = iBeaconDemo;
			productReference = F3D2CEB319651A6B002819F4 /* iBeaconDemo.app */;
			productType = "com.apple.product-type.application";
		};
		F3D2CEC419651A6B002819F4 /* iBeaconDemoTests */ = {
			isa = PBXNativeTarget;
			buildConfigurationList = F3D2CED219651A6B002819F4 /* Build configuration list for PBXNativeTarget "iBeaconDemoTests" */;
			buildPhases = (
				F3D2CEC119651A6B002819F4 /* Sources */,
				F3D2CEC219651A6B002819F4 /* Frameworks */,
				F3D2CEC319651A6B002819F4 /* Resources */,
			);
			buildRules = (
			);
			dependencies = (
				F3D2CEC719651A6B002819F4 /* PBXTargetDependency */,
			);
			name = iBeaconDemoTests;
			productName = iBeaconDemoTests;
			productReference = F3D2CEC519651A6B002819F4 /* iBeaconDemoTests.xctest */;
			productType = "com.apple.product-type.bundle.unit-test";
		};
/* End PBXNativeTarget section */

/* Begin PBXProject section */
		F3D2CEAB19651A6B002819F4 /* Project object */ = {
			isa = PBXProject;
			attributes = {
				LastUpgradeCheck = 0600;
				ORGANIZATIONNAME = "Fumitoshi Ogata";
				TargetAttributes = {
					F3D2CEB219651A6B002819F4 = {
						CreatedOnToolsVersion = 6.0;
					};
					F3D2CEC419651A6B002819F4 = {
						CreatedOnToolsVersion = 6.0;
						TestTargetID = F3D2CEB219651A6B002819F4;
					};
				};
			};
			buildConfigurationList = F3D2CEAE19651A6B002819F4 /* Build configuration list for PBXProject "iBeaconDemo" */;
			compatibilityVersion = "Xcode 3.2";
			developmentRegion = English;
			hasScannedForEncodings = 0;
			knownRegions = (
				en,
				Base,
			);
			mainGroup = F3D2CEAA19651A6B002819F4;
			productRefGroup = F3D2CEB419651A6B002819F4 /* Products */;
			projectDirPath = "";
			projectRoot = "";
			targets = (
				F3D2CEB219651A6B002819F4 /* iBeaconDemo */,
				F3D2CEC419651A6B002819F4 /* iBeaconDemoTests */,
			);
		};
/* End PBXProject section */

/* Begin PBXResourcesBuildPhase section */
		F3D2CEB119651A6B002819F4 /* Resources */ = {
			isa = PBXResourcesBuildPhase;
			buildActionMask = 2147483647;
			files = (
				F3D2CEBE19651A6B002819F4 /* Main.storyboard in Resources */,
				F3D2CEC019651A6B002819F4 /* Images.xcassets in Resources */,
			);
			runOnlyForDeploymentPostprocessing = 0;
		};
		F3D2CEC319651A6B002819F4 /* Resources */ = {
			isa = PBXResourcesBuildPhase;
			buildActionMask = 2147483647;
			files = (
			);
			runOnlyForDeploymentPostprocessing = 0;
		};
/* End PBXResourcesBuildPhase section */

/* Begin PBXSourcesBuildPhase section */
		F3D2CEAF19651A6B002819F4 /* Sources */ = {
			isa = PBXSourcesBuildPhase;
			buildActionMask = 2147483647;
			files = (
				F3D2CEBB19651A6B002819F4 /* ViewController.swift in Sources */,
				F3D2CEB919651A6B002819F4 /* AppDelegate.swift in Sources */,
			);
			runOnlyForDeploymentPostprocessing = 0;
		};
		F3D2CEC119651A6B002819F4 /* Sources */ = {
			isa = PBXSourcesBuildPhase;
			buildActionMask = 2147483647;
			files = (
				F3D2CECC19651A6B002819F4 /* iBeaconDemoTests.swift in Sources */,
			);
			runOnlyForDeploymentPostprocessing = 0;
		};
/* End PBXSourcesBuildPhase section */

/* Begin PBXTargetDependency section */
		F3D2CEC719651A6B002819F4 /* PBXTargetDependency */ = {
			isa = PBXTargetDependency;
			target = F3D2CEB219651A6B002819F4 /* iBeaconDemo */;
			targetProxy = F3D2CEC619651A6B002819F4 /* PBXContainerItemProxy */;
		};
/* End PBXTargetDependency section */

/* Begin PBXVariantGroup section */
		F3D2CEBC19651A6B002819F4 /* Main.storyboard */ = {
			isa = PBXVariantGroup;
			children = (
				F3D2CEBD19651A6B002819F4 /* Base */,
			);
			name = Main.storyboard;
			sourceTree = "<group>";
		};
/* End PBXVariantGroup section */

/* Begin XCBuildConfiguration section */
		F3D2CECD19651A6B002819F4 /* Debug */ = {
			isa = XCBuildConfiguration;
			buildSettings = {
				ALWAYS_SEARCH_USER_PATHS = NO;
				CLANG_CXX_LANGUAGE_STANDARD = "gnu++0x";
				CLANG_CXX_LIBRARY = "libc++";
				CLANG_ENABLE_MODULES = YES;
				CLANG_ENABLE_OBJC_ARC = YES;
				CLANG_WARN_BOOL_CONVERSION = YES;
				CLANG_WARN_CONSTANT_CONVERSION = YES;
				CLANG_WARN_DIRECT_OBJC_ISA_USAGE = YES_ERROR;
				CLANG_WARN_EMPTY_BODY = YES;
				CLANG_WARN_ENUM_CONVERSION = YES;
				CLANG_WARN_INT_CONVERSION = YES;
				CLANG_WARN_OBJC_ROOT_CLASS = YES_ERROR;
				CLANG_WARN_UNREACHABLE_CODE = YES;
				CLANG_WARN__DUPLICATE_METHOD_MATCH = YES;
				"CODE_SIGN_IDENTITY[sdk=iphoneos*]" = "iPhone Developer";
				COPY_PHASE_STRIP = NO;
				ENABLE_STRICT_OBJC_MSGSEND = YES;
				GCC_C_LANGUAGE_STANDARD = gnu99;
				GCC_DYNAMIC_NO_PIC = NO;
				GCC_OPTIMIZATION_LEVEL = 0;
				GCC_PREPROCESSOR_DEFINITIONS = (
					"DEBUG=1",
					"$(inherited)",
				);
				GCC_SYMBOLS_PRIVATE_EXTERN = NO;
				GCC_WARN_64_TO_32_BIT_CONVERSION = YES;
				GCC_WARN_ABOUT_RETURN_TYPE = YES_ERROR;
				GCC_WARN_UNDECLARED_SELECTOR = YES;
				GCC_WARN_UNINITIALIZED_AUTOS = YES_AGGRESSIVE;
				GCC_WARN_UNUSED_FUNCTION = YES;
				GCC_WARN_UNUSED_VARIABLE = YES;
				IPHONEOS_DEPLOYMENT_TARGET = 8.0;
				METAL_ENABLE_DEBUG_INFO = YES;
				ONLY_ACTIVE_ARCH = YES;
				SDKROOT = iphoneos;
				SWIFT_OPTIMIZATION_LEVEL = "-Onone";
			};
			name = Debug;
		};
		F3D2CECE19651A6B002819F4 /* Release */ = {
			isa = XCBuildConfiguration;
			buildSettings = {
				ALWAYS_SEARCH_USER_PATHS = NO;
				CLANG_CXX_LANGUAGE_STANDARD = "gnu++0x";
				CLANG_CXX_LIBRARY = "libc++";
				CLANG_ENABLE_MODULES = YES;
				CLANG_ENABLE_OBJC_ARC = YES;
				CLANG_WARN_BOOL_CONVERSION = YES;
				CLANG_WARN_CONSTANT_CONVERSION = YES;
				CLANG_WARN_DIRECT_OBJC_ISA_USAGE = YES_ERROR;
				CLANG_WARN_EMPTY_BODY = YES;
				CLANG_WARN_ENUM_CONVERSION = YES;
				CLANG_WARN_INT_CONVERSION = YES;
				CLANG_WARN_OBJC_ROOT_CLASS = YES_ERROR;
				CLANG_WARN_UNREACHABLE_CODE = YES;
				CLANG_WARN__DUPLICATE_METHOD_MATCH = YES;
				"CODE_SIGN_IDENTITY[sdk=iphoneos*]" = "iPhone Developer";
				COPY_PHASE_STRIP = YES;
				ENABLE_NS_ASSERTIONS = NO;
				ENABLE_STRICT_OBJC_MSGSEND = YES;
				GCC_C_LANGUAGE_STANDARD = gnu99;
				GCC_WARN_64_TO_32_BIT_CONVERSION = YES;
				GCC_WARN_ABOUT_RETURN_TYPE = YES_ERROR;
				GCC_WARN_UNDECLARED_SELECTOR = YES;
				GCC_WARN_UNINITIALIZED_AUTOS = YES_AGGRESSIVE;
				GCC_WARN_UNUSED_FUNCTION = YES;
				GCC_WARN_UNUSED_VARIABLE = YES;
				IPHONEOS_DEPLOYMENT_TARGET = 8.0;
				METAL_ENABLE_DEBUG_INFO = NO;
				SDKROOT = iphoneos;
				VALIDATE_PRODUCT = YES;
			};
			name = Release;
		};
		F3D2CED019651A6B002819F4 /* Debug */ = {
			isa = XCBuildConfiguration;
			buildSettings = {
				ASSETCATALOG_COMPILER_APPICON_NAME = AppIcon;
				ASSETCATALOG_COMPILER_LAUNCHIMAGE_NAME = LaunchImage;
				INFOPLIST_FILE = iBeaconDemo/Info.plist;
				IPHONEOS_DEPLOYMENT_TARGET = 7.0;
				LD_RUNPATH_SEARCH_PATHS = "$(inherited) @executable_path/Frameworks";
				PRODUCT_NAME = "$(TARGET_NAME)";
			};
			name = Debug;
		};
		F3D2CED119651A6B002819F4 /* Release */ = {
			isa = XCBuildConfiguration;
			buildSettings = {
				ASSETCATALOG_COMPILER_APPICON_NAME = AppIcon;
				ASSETCATALOG_COMPILER_LAUNCHIMAGE_NAME = LaunchImage;
				INFOPLIST_FILE = iBeaconDemo/Info.plist;
				IPHONEOS_DEPLOYMENT_TARGET = 7.0;
				LD_RUNPATH_SEARCH_PATHS = "$(inherited) @executable_path/Frameworks";
				PRODUCT_NAME = "$(TARGET_NAME)";
			};
			name = Release;
		};
		F3D2CED319651A6B002819F4 /* Debug */ = {
			isa = XCBuildConfiguration;
			buildSettings = {
				BUNDLE_LOADER = "$(BUILT_PRODUCTS_DIR)/iBeaconDemo.app/iBeaconDemo";
				FRAMEWORK_SEARCH_PATHS = (
					"$(SDKROOT)/Developer/Library/Frameworks",
					"$(inherited)",
				);
				GCC_PREPROCESSOR_DEFINITIONS = (
					"DEBUG=1",
					"$(inherited)",
				);
				INFOPLIST_FILE = iBeaconDemoTests/Info.plist;
				LD_RUNPATH_SEARCH_PATHS = "$(inherited) @executable_path/Frameworks @loader_path/Frameworks";
				METAL_ENABLE_DEBUG_INFO = YES;
				PRODUCT_NAME = "$(TARGET_NAME)";
				TEST_HOST = "$(BUNDLE_LOADER)";
			};
			name = Debug;
		};
		F3D2CED419651A6B002819F4 /* Release */ = {
			isa = XCBuildConfiguration;
			buildSettings = {
				BUNDLE_LOADER = "$(BUILT_PRODUCTS_DIR)/iBeaconDemo.app/iBeaconDemo";
				FRAMEWORK_SEARCH_PATHS = (
					"$(SDKROOT)/Developer/Library/Frameworks",
					"$(inherited)",
				);
				INFOPLIST_FILE = iBeaconDemoTests/Info.plist;
				LD_RUNPATH_SEARCH_PATHS = "$(inherited) @executable_path/Frameworks @loader_path/Frameworks";
				METAL_ENABLE_DEBUG_INFO = NO;
				PRODUCT_NAME = "$(TARGET_NAME)";
				TEST_HOST = "$(BUNDLE_LOADER)";
			};
			name = Release;
		};
/* End XCBuildConfiguration section */

/* Begin XCConfigurationList section */
		F3D2CEAE19651A6B002819F4 /* Build configuration list for PBXProject "iBeaconDemo" */ = {
			isa = XCConfigurationList;
			buildConfigurations = (
				F3D2CECD19651A6B002819F4 /* Debug */,
				F3D2CECE19651A6B002819F4 /* Release */,
			);
			defaultConfigurationIsVisible = 0;
			defaultConfigurationName = Release;
		};
		F3D2CECF19651A6B002819F4 /* Build configuration list for PBXNativeTarget "iBeaconDemo" */ = {
			isa = XCConfigurationList;
			buildConfigurations = (
				F3D2CED019651A6B002819F4 /* Debug */,
				F3D2CED119651A6B002819F4 /* Release */,
			);
			defaultConfigurationIsVisible = 0;
		};
		F3D2CED219651A6B002819F4 /* Build configuration list for PBXNativeTarget "iBeaconDemoTests" */ = {
			isa = XCConfigurationList;
			buildConfigurations = (
				F3D2CED319651A6B002819F4 /* Debug */,
				F3D2CED419651A6B002819F4 /* Release */,
			);
			defaultConfigurationIsVisible = 0;
		};
/* End XCConfigurationList section */
	};
	rootObject = F3D2CEAB19651A6B002819F4 /* Project object */;
}
